// !$*UTF8*$!
{
	archiveVersion = 1;
	classes = {
	};
	objectVersion = 46;
	objects = {

/* Begin PBXBuildFile section */
		5E2422541C4C12F50016019B /* AppDelegate.m in Sources */ = {isa = PBXBuildFile; fileRef = 5E2422531C4C12F50016019B /* AppDelegate.m */; };
		5E2422571C4C12F50016019B /* main.m in Sources */ = {isa = PBXBuildFile; fileRef = 5E2422561C4C12F50016019B /* main.m */; };
		5E2422591C4C12F50016019B /* Assets.xcassets in Resources */ = {isa = PBXBuildFile; fileRef = 5E2422581C4C12F50016019B /* Assets.xcassets */; };
		5E24225C1C4C12F50016019B /* MainMenu.xib in Resources */ = {isa = PBXBuildFile; fileRef = 5E24225A1C4C12F50016019B /* MainMenu.xib */; };
		5E24226B1C4C135B0016019B /* AppDelegate.m in Sources */ = {isa = PBXBuildFile; fileRef = 5E24226A1C4C135B0016019B /* AppDelegate.m */; };
		5E24226E1C4C135B0016019B /* main.m in Sources */ = {isa = PBXBuildFile; fileRef = 5E24226D1C4C135B0016019B /* main.m */; };
		5E2422791C4C14A50016019B /* Resolution Menu Helper.app in CopyFiles */ = {isa = PBXBuildFile; fileRef = 5E2422671C4C135B0016019B /* Resolution Menu Helper.app */; settings = {ATTRIBUTES = (RemoveHeadersOnCopy, ); }; };
		5E24227E1C4C151F0016019B /* StartAtLoginController.m in Sources */ = {isa = PBXBuildFile; fileRef = 5E24227D1C4C151F0016019B /* StartAtLoginController.m */; };
		5E2422811C4C23F60016019B /* DisplayModeMenuItem.m in Sources */ = {isa = PBXBuildFile; fileRef = 5E2422801C4C23F60016019B /* DisplayModeMenuItem.m */; };
/* End PBXBuildFile section */

/* Begin PBXContainerItemProxy section */
		5E24227A1C4C14B90016019B /* PBXContainerItemProxy */ = {
			isa = PBXContainerItemProxy;
			containerPortal = 5E2422471C4C12F50016019B /* Project object */;
			proxyType = 1;
			remoteGlobalIDString = 5E2422661C4C135B0016019B;
			remoteInfo = "Resolution Menu Helper";
		};
/* End PBXContainerItemProxy section */

/* Begin PBXCopyFilesBuildPhase section */
		5E2422781C4C14910016019B /* CopyFiles */ = {
			isa = PBXCopyFilesBuildPhase;
			buildActionMask = 2147483647;
			dstPath = Contents/Library/LoginItems;
			dstSubfolderSpec = 1;
			files = (
				5E2422791C4C14A50016019B /* Resolution Menu Helper.app in CopyFiles */,
			);
			runOnlyForDeploymentPostprocessing = 0;
		};
/* End PBXCopyFilesBuildPhase section */

/* Begin PBXFileReference section */
		5E24224F1C4C12F50016019B /* Resolution Menu.app */ = {isa = PBXFileReference; explicitFileType = wrapper.application; includeInIndex = 0; path = "Resolution Menu.app"; sourceTree = BUILT_PRODUCTS_DIR; };
		5E2422521C4C12F50016019B /* AppDelegate.h */ = {isa = PBXFileReference; lastKnownFileType = sourcecode.c.h; path = AppDelegate.h; sourceTree = "<group>"; };
		5E2422531C4C12F50016019B /* AppDelegate.m */ = {isa = PBXFileReference; lastKnownFileType = sourcecode.c.objc; path = AppDelegate.m; sourceTree = "<group>"; };
		5E2422561C4C12F50016019B /* main.m */ = {isa = PBXFileReference; lastKnownFileType = sourcecode.c.objc; path = main.m; sourceTree = "<group>"; };
		5E2422581C4C12F50016019B /* Assets.xcassets */ = {isa = PBXFileReference; lastKnownFileType = folder.assetcatalog; path = Assets.xcassets; sourceTree = "<group>"; };
		5E24225B1C4C12F50016019B /* Base */ = {isa = PBXFileReference; lastKnownFileType = file.xib; name = Base; path = Base.lproj/MainMenu.xib; sourceTree = "<group>"; };
		5E24225D1C4C12F50016019B /* Info.plist */ = {isa = PBXFileReference; lastKnownFileType = text.plist.xml; path = Info.plist; sourceTree = "<group>"; };
		5E2422671C4C135B0016019B /* Resolution Menu Helper.app */ = {isa = PBXFileReference; explicitFileType = wrapper.application; includeInIndex = 0; path = "Resolution Menu Helper.app"; sourceTree = BUILT_PRODUCTS_DIR; };
		5E2422691C4C135B0016019B /* AppDelegate.h */ = {isa = PBXFileReference; lastKnownFileType = sourcecode.c.h; path = AppDelegate.h; sourceTree = "<group>"; };
		5E24226A1C4C135B0016019B /* AppDelegate.m */ = {isa = PBXFileReference; lastKnownFileType = sourcecode.c.objc; path = AppDelegate.m; sourceTree = "<group>"; };
		5E24226D1C4C135B0016019B /* main.m */ = {isa = PBXFileReference; lastKnownFileType = sourcecode.c.objc; path = main.m; sourceTree = "<group>"; };
		5E2422741C4C135B0016019B /* Info.plist */ = {isa = PBXFileReference; lastKnownFileType = text.plist.xml; path = Info.plist; sourceTree = "<group>"; };
		5E24227C1C4C151F0016019B /* StartAtLoginController.h */ = {isa = PBXFileReference; fileEncoding = 4; lastKnownFileType = sourcecode.c.h; path = StartAtLoginController.h; sourceTree = "<group>"; };
		5E24227D1C4C151F0016019B /* StartAtLoginController.m */ = {isa = PBXFileReference; fileEncoding = 4; lastKnownFileType = sourcecode.c.objc; path = StartAtLoginController.m; sourceTree = "<group>"; };
		5E24227F1C4C23F60016019B /* DisplayModeMenuItem.h */ = {isa = PBXFileReference; fileEncoding = 4; lastKnownFileType = sourcecode.c.h; path = DisplayModeMenuItem.h; sourceTree = "<group>"; };
		5E2422801C4C23F60016019B /* DisplayModeMenuItem.m */ = {isa = PBXFileReference; fileEncoding = 4; lastKnownFileType = sourcecode.c.objc; path = DisplayModeMenuItem.m; sourceTree = "<group>"; };
		5E2422821C4C25A70016019B /* nl */ = {isa = PBXFileReference; lastKnownFileType = text.plist.strings; name = nl; path = nl.lproj/MainMenu.strings; sourceTree = "<group>"; };
/* End PBXFileReference section */

/* Begin PBXFrameworksBuildPhase section */
		5E24224C1C4C12F50016019B /* Frameworks */ = {
			isa = PBXFrameworksBuildPhase;
			buildActionMask = 2147483647;
			files = (
			);
			runOnlyForDeploymentPostprocessing = 0;
		};
		5E2422641C4C135B0016019B /* Frameworks */ = {
			isa = PBXFrameworksBuildPhase;
			buildActionMask = 2147483647;
			files = (
			);
			runOnlyForDeploymentPostprocessing = 0;
		};
/* End PBXFrameworksBuildPhase section */

/* Begin PBXGroup section */
		5E2422461C4C12F50016019B = {
			isa = PBXGroup;
			children = (
				5E2422511C4C12F50016019B /* Resolution Menu */,
				5E2422681C4C135B0016019B /* Resolution Menu Helper */,
				5E2422501C4C12F50016019B /* Products */,
			);
			sourceTree = "<group>";
		};
		5E2422501C4C12F50016019B /* Products */ = {
			isa = PBXGroup;
			children = (
				5E24224F1C4C12F50016019B /* Resolution Menu.app */,
				5E2422671C4C135B0016019B /* Resolution Menu Helper.app */,
			);
			name = Products;
			sourceTree = "<group>";
		};
		5E2422511C4C12F50016019B /* Resolution Menu */ = {
			isa = PBXGroup;
			children = (
				5E2422561C4C12F50016019B /* main.m */,
				5E24225D1C4C12F50016019B /* Info.plist */,
				5E2422521C4C12F50016019B /* AppDelegate.h */,
				5E2422531C4C12F50016019B /* AppDelegate.m */,
				5E24227F1C4C23F60016019B /* DisplayModeMenuItem.h */,
				5E2422801C4C23F60016019B /* DisplayModeMenuItem.m */,
				5E24227C1C4C151F0016019B /* StartAtLoginController.h */,
				5E24227D1C4C151F0016019B /* StartAtLoginController.m */,
				5E2422831C4C4A370016019B /* Resources */,
			);
			path = "Resolution Menu";
			sourceTree = "<group>";
		};
		5E2422681C4C135B0016019B /* Resolution Menu Helper */ = {
			isa = PBXGroup;
			children = (
				5E24226D1C4C135B0016019B /* main.m */,
				5E2422741C4C135B0016019B /* Info.plist */,
				5E2422691C4C135B0016019B /* AppDelegate.h */,
				5E24226A1C4C135B0016019B /* AppDelegate.m */,
			);
			path = "Resolution Menu Helper";
			sourceTree = "<group>";
		};
		5E2422831C4C4A370016019B /* Resources */ = {
			isa = PBXGroup;
			children = (
				5E2422581C4C12F50016019B /* Assets.xcassets */,
				5E24225A1C4C12F50016019B /* MainMenu.xib */,
			);
			name = Resources;
			sourceTree = "<group>";
		};
/* End PBXGroup section */

/* Begin PBXNativeTarget section */
		5E24224E1C4C12F50016019B /* Resolution Menu */ = {
			isa = PBXNativeTarget;
			buildConfigurationList = 5E2422601C4C12F50016019B /* Build configuration list for PBXNativeTarget "Resolution Menu" */;
			buildPhases = (
				5E24224B1C4C12F50016019B /* Sources */,
				5E24224C1C4C12F50016019B /* Frameworks */,
				5E24224D1C4C12F50016019B /* Resources */,
				5E2422781C4C14910016019B /* CopyFiles */,
			);
			buildRules = (
			);
			dependencies = (
				5E24227B1C4C14B90016019B /* PBXTargetDependency */,
			);
			name = "Resolution Menu";
			productName = "Resolution Menu";
			productReference = 5E24224F1C4C12F50016019B /* Resolution Menu.app */;
			productType = "com.apple.product-type.application";
		};
		5E2422661C4C135B0016019B /* Resolution Menu Helper */ = {
			isa = PBXNativeTarget;
			buildConfigurationList = 5E2422751C4C135B0016019B /* Build configuration list for PBXNativeTarget "Resolution Menu Helper" */;
			buildPhases = (
				5E2422631C4C135B0016019B /* Sources */,
				5E2422641C4C135B0016019B /* Frameworks */,
				5E2422651C4C135B0016019B /* Resources */,
			);
			buildRules = (
			);
			dependencies = (
			);
			name = "Resolution Menu Helper";
			productName = "Resolution Menu Helper";
			productReference = 5E2422671C4C135B0016019B /* Resolution Menu Helper.app */;
			productType = "com.apple.product-type.application";
		};
/* End PBXNativeTarget section */

/* Begin PBXProject section */
		5E2422471C4C12F50016019B /* Project object */ = {
			isa = PBXProject;
			attributes = {
				LastUpgradeCheck = 0720;
				ORGANIZATIONNAME = "Robbert Klarenbeek";
				TargetAttributes = {
					5E24224E1C4C12F50016019B = {
						CreatedOnToolsVersion = 7.2;
					};
					5E2422661C4C135B0016019B = {
						CreatedOnToolsVersion = 7.2;
					};
				};
			};
			buildConfigurationList = 5E24224A1C4C12F50016019B /* Build configuration list for PBXProject "Resolution Menu" */;
			compatibilityVersion = "Xcode 3.2";
			developmentRegion = English;
			hasScannedForEncodings = 0;
			knownRegions = (
				en,
				Base,
			);
			mainGroup = 5E2422461C4C12F50016019B;
			productRefGroup = 5E2422501C4C12F50016019B /* Products */;
			projectDirPath = "";
			projectRoot = "";
			targets = (
				5E24224E1C4C12F50016019B /* Resolution Menu */,
				5E2422661C4C135B0016019B /* Resolution Menu Helper */,
			);
		};
/* End PBXProject section */

/* Begin PBXResourcesBuildPhase section */
		5E24224D1C4C12F50016019B /* Resources */ = {
			isa = PBXResourcesBuildPhase;
			buildActionMask = 2147483647;
			files = (
				5E2422591C4C12F50016019B /* Assets.xcassets in Resources */,
				5E24225C1C4C12F50016019B /* MainMenu.xib in Resources */,
			);
			runOnlyForDeploymentPostprocessing = 0;
		};
		5E2422651C4C135B0016019B /* Resources */ = {
			isa = PBXResourcesBuildPhase;
			buildActionMask = 2147483647;
			files = (
			);
			runOnlyForDeploymentPostprocessing = 0;
		};
/* End PBXResourcesBuildPhase section */

/* Begin PBXSourcesBuildPhase section */
		5E24224B1C4C12F50016019B /* Sources */ = {
			isa = PBXSourcesBuildPhase;
			buildActionMask = 2147483647;
			files = (
				5E2422571C4C12F50016019B /* main.m in Sources */,
				5E2422541C4C12F50016019B /* AppDelegate.m in Sources */,
				5E24227E1C4C151F0016019B /* StartAtLoginController.m in Sources */,
				5E2422811C4C23F60016019B /* DisplayModeMenuItem.m in Sources */,
			);
			runOnlyForDeploymentPostprocessing = 0;
		};
		5E2422631C4C135B0016019B /* Sources */ = {
			isa = PBXSourcesBuildPhase;
			buildActionMask = 2147483647;
			files = (
				5E24226E1C4C135B0016019B /* main.m in Sources */,
				5E24226B1C4C135B0016019B /* AppDelegate.m in Sources */,
			);
			runOnlyForDeploymentPostprocessing = 0;
		};
/* End PBXSourcesBuildPhase section */

/* Begin PBXTargetDependency section */
		5E24227B1C4C14B90016019B /* PBXTargetDependency */ = {
			isa = PBXTargetDependency;
			target = 5E2422661C4C135B0016019B /* Resolution Menu Helper */;
			targetProxy = 5E24227A1C4C14B90016019B /* PBXContainerItemProxy */;
		};
/* End PBXTargetDependency section */

/* Begin PBXVariantGroup section */
		5E24225A1C4C12F50016019B /* MainMenu.xib */ = {
			isa = PBXVariantGroup;
			children = (
				5E24225B1C4C12F50016019B /* Base */,
				5E2422821C4C25A70016019B /* nl */,
			);
			name = MainMenu.xib;
			sourceTree = "<group>";
		};
/* End PBXVariantGroup section */

/* Begin XCBuildConfiguration section */
		5E24225E1C4C12F50016019B /* Debug */ = {
			isa = XCBuildConfiguration;
			buildSettings = {
				ALWAYS_SEARCH_USER_PATHS = NO;
				CLANG_CXX_LANGUAGE_STANDARD = "gnu++0x";
				CLANG_CXX_LIBRARY = "libc++";
				CLANG_ENABLE_MODULES = YES;
				CLANG_ENABLE_OBJC_ARC = YES;
				CLANG_WARN_BOOL_CONVERSION = YES;
				CLANG_WARN_CONSTANT_CONVERSION = YES;
				CLANG_WARN_DIRECT_OBJC_ISA_USAGE = YES_ERROR;
				CLANG_WARN_EMPTY_BODY = YES;
				CLANG_WARN_ENUM_CONVERSION = YES;
				CLANG_WARN_INT_CONVERSION = YES;
				CLANG_WARN_OBJC_ROOT_CLASS = YES_ERROR;
				CLANG_WARN_UNREACHABLE_CODE = YES;
				CLANG_WARN__DUPLICATE_METHOD_MATCH = YES;
				CODE_SIGN_IDENTITY = "-";
				COPY_PHASE_STRIP = NO;
				DEBUG_INFORMATION_FORMAT = dwarf;
				ENABLE_STRICT_OBJC_MSGSEND = YES;
				ENABLE_TESTABILITY = YES;
				GCC_C_LANGUAGE_STANDARD = gnu99;
				GCC_DYNAMIC_NO_PIC = NO;
				GCC_NO_COMMON_BLOCKS = YES;
				GCC_OPTIMIZATION_LEVEL = 0;
				GCC_PREPROCESSOR_DEFINITIONS = (
					"DEBUG=1",
					"$(inherited)",
				);
				GCC_WARN_64_TO_32_BIT_CONVERSION = YES;
				GCC_WARN_ABOUT_RETURN_TYPE = YES_ERROR;
				GCC_WARN_UNDECLARED_SELECTOR = YES;
				GCC_WARN_UNINITIALIZED_AUTOS = YES_AGGRESSIVE;
				GCC_WARN_UNUSED_FUNCTION = YES;
				GCC_WARN_UNUSED_VARIABLE = YES;
				MACOSX_DEPLOYMENT_TARGET = 10.11;
				MTL_ENABLE_DEBUG_INFO = YES;
				ONLY_ACTIVE_ARCH = YES;
				SDKROOT = macosx;
			};
			name = Debug;
		};
		5E24225F1C4C12F50016019B /* Release */ = {
			isa = XCBuildConfiguration;
			buildSettings = {
				ALWAYS_SEARCH_USER_PATHS = NO;
				CLANG_CXX_LANGUAGE_STANDARD = "gnu++0x";
				CLANG_CXX_LIBRARY = "libc++";
				CLANG_ENABLE_MODULES = YES;
				CLANG_ENABLE_OBJC_ARC = YES;
				CLANG_WARN_BOOL_CONVERSION = YES;
				CLANG_WARN_CONSTANT_CONVERSION = YES;
				CLANG_WARN_DIRECT_OBJC_ISA_USAGE = YES_ERROR;
				CLANG_WARN_EMPTY_BODY = YES;
				CLANG_WARN_ENUM_CONVERSION = YES;
				CLANG_WARN_INT_CONVERSION = YES;
				CLANG_WARN_OBJC_ROOT_CLASS = YES_ERROR;
				CLANG_WARN_UNREACHABLE_CODE = YES;
				CLANG_WARN__DUPLICATE_METHOD_MATCH = YES;
				CODE_SIGN_IDENTITY = "-";
				COPY_PHASE_STRIP = NO;
				DEBUG_INFORMATION_FORMAT = "dwarf-with-dsym";
				ENABLE_NS_ASSERTIONS = NO;
				ENABLE_STRICT_OBJC_MSGSEND = YES;
				GCC_C_LANGUAGE_STANDARD = gnu99;
				GCC_NO_COMMON_BLOCKS = YES;
				GCC_WARN_64_TO_32_BIT_CONVERSION = YES;
				GCC_WARN_ABOUT_RETURN_TYPE = YES_ERROR;
				GCC_WARN_UNDECLARED_SELECTOR = YES;
				GCC_WARN_UNINITIALIZED_AUTOS = YES_AGGRESSIVE;
				GCC_WARN_UNUSED_FUNCTION = YES;
				GCC_WARN_UNUSED_VARIABLE = YES;
				MACOSX_DEPLOYMENT_TARGET = 10.11;
				MTL_ENABLE_DEBUG_INFO = NO;
				SDKROOT = macosx;
			};
			name = Release;
		};
		5E2422611C4C12F50016019B /* Debug */ = {
			isa = XCBuildConfiguration;
			buildSettings = {
				ASSETCATALOG_COMPILER_APPICON_NAME = AppIcon;
				COMBINE_HIDPI_IMAGES = YES;
				INFOPLIST_FILE = "Resolution Menu/Info.plist";
				LD_RUNPATH_SEARCH_PATHS = "$(inherited) @executable_path/../Frameworks";
				PRODUCT_BUNDLE_IDENTIFIER = "nl.lapulapu.Resolution-Menu";
				PRODUCT_NAME = "$(TARGET_NAME)";
			};
			name = Debug;
		};
		5E2422621C4C12F50016019B /* Release */ = {
			isa = XCBuildConfiguration;
			buildSettings = {
				ASSETCATALOG_COMPILER_APPICON_NAME = AppIcon;
				COMBINE_HIDPI_IMAGES = YES;
				INFOPLIST_FILE = "Resolution Menu/Info.plist";
				LD_RUNPATH_SEARCH_PATHS = "$(inherited) @executable_path/../Frameworks";
				PRODUCT_BUNDLE_IDENTIFIER = "nl.lapulapu.Resolution-Menu";
				PRODUCT_NAME = "$(TARGET_NAME)";
			};
			name = Release;
		};
		5E2422761C4C135B0016019B /* Debug */ = {
			isa = XCBuildConfiguration;
			buildSettings = {
				ASSETCATALOG_COMPILER_APPICON_NAME = AppIcon;
				COMBINE_HIDPI_IMAGES = YES;
				INFOPLIST_FILE = "Resolution Menu Helper/Info.plist";
				LD_RUNPATH_SEARCH_PATHS = "$(inherited) @executable_path/../Frameworks";
				PRODUCT_BUNDLE_IDENTIFIER = "nl.lapulapu.Resolution-Menu-Helper";
				PRODUCT_NAME = "$(TARGET_NAME)";
			};
			name = Debug;
		};
		5E2422771C4C135B0016019B /* Release */ = {
			isa = XCBuildConfiguration;
			buildSettings = {
				ASSETCATALOG_COMPILER_APPICON_NAME = AppIcon;
				COMBINE_HIDPI_IMAGES = YES;
				INFOPLIST_FILE = "Resolution Menu Helper/Info.plist";
				LD_RUNPATH_SEARCH_PATHS = "$(inherited) @executable_path/../Frameworks";
				PRODUCT_BUNDLE_IDENTIFIER = "nl.lapulapu.Resolution-Menu-Helper";
				PRODUCT_NAME = "$(TARGET_NAME)";
			};
			name = Release;
		};
/* End XCBuildConfiguration section */

/* Begin XCConfigurationList section */
		5E24224A1C4C12F50016019B /* Build configuration list for PBXProject "Resolution Menu" */ = {
			isa = XCConfigurationList;
			buildConfigurations = (
				5E24225E1C4C12F50016019B /* Debug */,
				5E24225F1C4C12F50016019B /* Release */,
			);
			defaultConfigurationIsVisible = 0;
			defaultConfigurationName = Release;
		};
		5E2422601C4C12F50016019B /* Build configuration list for PBXNativeTarget "Resolution Menu" */ = {
			isa = XCConfigurationList;
			buildConfigurations = (
				5E2422611C4C12F50016019B /* Debug */,
				5E2422621C4C12F50016019B /* Release */,
			);
			defaultConfigurationIsVisible = 0;
		};
		5E2422751C4C135B0016019B /* Build configuration list for PBXNativeTarget "Resolution Menu Helper" */ = {
			isa = XCConfigurationList;
			buildConfigurations = (
				5E2422761C4C135B0016019B /* Debug */,
				5E2422771C4C135B0016019B /* Release */,
			);
			defaultConfigurationIsVisible = 0;
		};
/* End XCConfigurationList section */
	};
	rootObject = 5E2422471C4C12F50016019B /* Project object */;
}
